// !$*UTF8*$!
{
	archiveVersion = 1;
	classes = {
	};
	objectVersion = 50;
	objects = {

/* Begin PBXBuildFile section */
		53AE843820C6164D007D9421 /* AppDelegate.m in Sources */ = {isa = PBXBuildFile; fileRef = 53AE843720C6164D007D9421 /* AppDelegate.m */; };
		53AE843B20C6164D007D9421 /* ViewController.m in Sources */ = {isa = PBXBuildFile; fileRef = 53AE843A20C6164D007D9421 /* ViewController.m */; };
		53AE843E20C6164D007D9421 /* Main.storyboard in Resources */ = {isa = PBXBuildFile; fileRef = 53AE843C20C6164D007D9421 /* Main.storyboard */; };
		53AE844020C6164F007D9421 /* Assets.xcassets in Resources */ = {isa = PBXBuildFile; fileRef = 53AE843F20C6164F007D9421 /* Assets.xcassets */; };
		53AE844320C6164F007D9421 /* LaunchScreen.storyboard in Resources */ = {isa = PBXBuildFile; fileRef = 53AE844120C6164F007D9421 /* LaunchScreen.storyboard */; };
		53AE844620C6164F007D9421 /* main.m in Sources */ = {isa = PBXBuildFile; fileRef = 53AE844520C6164F007D9421 /* main.m */; };
		53AE844D20CB316C007D9421 /* featureflag.plist in Resources */ = {isa = PBXBuildFile; fileRef = 53AE844C20CB316C007D9421 /* featureflag.plist */; };
		53AE845720CB4D22007D9421 /* ROXCore.framework in Embed Frameworks */ = {isa = PBXBuildFile; fileRef = 53AE844E20CB4CE1007D9421 /* ROXCore.framework */; settings = {ATTRIBUTES = (CodeSignOnCopy, RemoveHeadersOnCopy, ); }; };
		53AE845820CB4D22007D9421 /* ROX.framework in Frameworks */ = {isa = PBXBuildFile; fileRef = 53AE845420CB4CE2007D9421 /* ROX.framework */; };
		53AE845920CB4D22007D9421 /* ROX.framework in Embed Frameworks */ = {isa = PBXBuildFile; fileRef = 53AE845420CB4CE2007D9421 /* ROX.framework */; settings = {ATTRIBUTES = (CodeSignOnCopy, RemoveHeadersOnCopy, ); }; };
		53AE845E20CB56F4007D9421 /* MyContainer.m in Sources */ = {isa = PBXBuildFile; fileRef = 53AE845D20CB56F4007D9421 /* MyContainer.m */; };
/* End PBXBuildFile section */

/* Begin PBXContainerItemProxy section */
		53AE845320CB4CE2007D9421 /* PBXContainerItemProxy */ = {
			isa = PBXContainerItemProxy;
			containerPortal = 53AE844F20CB4CE1007D9421 /* RoxSdk.xcodeproj */;
			proxyType = 2;
			remoteGlobalIDString = 340E71371EFAB27000A2C48E;
			remoteInfo = RoxSdk;
		};
		53AE845A20CB4D22007D9421 /* PBXContainerItemProxy */ = {
			isa = PBXContainerItemProxy;
			containerPortal = 53AE844F20CB4CE1007D9421 /* RoxSdk.xcodeproj */;
			proxyType = 1;
			remoteGlobalIDString = 340E71361EFAB27000A2C48E;
			remoteInfo = RoxSdk;
		};
/* End PBXContainerItemProxy section */

/* Begin PBXCopyFilesBuildPhase section */
		53AE845C20CB4D22007D9421 /* Embed Frameworks */ = {
			isa = PBXCopyFilesBuildPhase;
			buildActionMask = 2147483647;
			dstPath = "";
			dstSubfolderSpec = 10;
			files = (
				53AE845920CB4D22007D9421 /* ROX.framework in Embed Frameworks */,
				53AE845720CB4D22007D9421 /* ROXCore.framework in Embed Frameworks */,
			);
			name = "Embed Frameworks";
			runOnlyForDeploymentPostprocessing = 0;
		};
/* End PBXCopyFilesBuildPhase section */

/* Begin PBXFileReference section */
		53AE843320C6164D007D9421 /* Feature Flag ObjectiveC.app */ = {isa = PBXFileReference; explicitFileType = wrapper.application; includeInIndex = 0; path = "Feature Flag ObjectiveC.app"; sourceTree = BUILT_PRODUCTS_DIR; };
		53AE843620C6164D007D9421 /* AppDelegate.h */ = {isa = PBXFileReference; lastKnownFileType = sourcecode.c.h; path = AppDelegate.h; sourceTree = "<group>"; };
		53AE843720C6164D007D9421 /* AppDelegate.m */ = {isa = PBXFileReference; lastKnownFileType = sourcecode.c.objc; path = AppDelegate.m; sourceTree = "<group>"; };
		53AE843920C6164D007D9421 /* ViewController.h */ = {isa = PBXFileReference; lastKnownFileType = sourcecode.c.h; path = ViewController.h; sourceTree = "<group>"; };
		53AE843A20C6164D007D9421 /* ViewController.m */ = {isa = PBXFileReference; lastKnownFileType = sourcecode.c.objc; path = ViewController.m; sourceTree = "<group>"; };
		53AE843D20C6164D007D9421 /* Base */ = {isa = PBXFileReference; lastKnownFileType = file.storyboard; name = Base; path = Base.lproj/Main.storyboard; sourceTree = "<group>"; };
		53AE843F20C6164F007D9421 /* Assets.xcassets */ = {isa = PBXFileReference; lastKnownFileType = folder.assetcatalog; path = Assets.xcassets; sourceTree = "<group>"; };
		53AE844220C6164F007D9421 /* Base */ = {isa = PBXFileReference; lastKnownFileType = file.storyboard; name = Base; path = Base.lproj/LaunchScreen.storyboard; sourceTree = "<group>"; };
		53AE844420C6164F007D9421 /* Info.plist */ = {isa = PBXFileReference; lastKnownFileType = text.plist.xml; path = Info.plist; sourceTree = "<group>"; };
		53AE844520C6164F007D9421 /* main.m */ = {isa = PBXFileReference; lastKnownFileType = sourcecode.c.objc; path = main.m; sourceTree = "<group>"; };
		53AE844C20CB316C007D9421 /* featureflag.plist */ = {isa = PBXFileReference; lastKnownFileType = text.plist.xml; path = featureflag.plist; sourceTree = "<group>"; };
		53AE844E20CB4CE1007D9421 /* ROXCore.framework */ = {isa = PBXFileReference; lastKnownFileType = wrapper.framework; name = ROXCore.framework; path = rox/RoxSdk/ROXCore.framework; sourceTree = "<group>"; };
		53AE844F20CB4CE1007D9421 /* RoxSdk.xcodeproj */ = {isa = PBXFileReference; lastKnownFileType = "wrapper.pb-project"; name = RoxSdk.xcodeproj; path = rox/RoxSdk/RoxSdk.xcodeproj; sourceTree = "<group>"; };
		53AE845D20CB56F4007D9421 /* MyContainer.m */ = {isa = PBXFileReference; lastKnownFileType = sourcecode.c.objc; path = MyContainer.m; sourceTree = "<group>"; };
		53AE845F20CB571F007D9421 /* MyContainer.h */ = {isa = PBXFileReference; lastKnownFileType = sourcecode.c.h; path = MyContainer.h; sourceTree = "<group>"; };
/* End PBXFileReference section */

/* Begin PBXFrameworksBuildPhase section */
		53AE843020C6164D007D9421 /* Frameworks */ = {
			isa = PBXFrameworksBuildPhase;
			buildActionMask = 2147483647;
			files = (
				53AE845820CB4D22007D9421 /* ROX.framework in Frameworks */,
			);
			runOnlyForDeploymentPostprocessing = 0;
		};
/* End PBXFrameworksBuildPhase section */

/* Begin PBXGroup section */
		53AE842A20C6164D007D9421 = {
			isa = PBXGroup;
			children = (
				53AE844E20CB4CE1007D9421 /* ROXCore.framework */,
				53AE844F20CB4CE1007D9421 /* RoxSdk.xcodeproj */,
				53AE843520C6164D007D9421 /* Feature Flag ObjectiveC */,
				53AE843420C6164D007D9421 /* Products */,
			);
			sourceTree = "<group>";
		};
		53AE843420C6164D007D9421 /* Products */ = {
			isa = PBXGroup;
			children = (
				53AE843320C6164D007D9421 /* Feature Flag ObjectiveC.app */,
			);
			name = Products;
			sourceTree = "<group>";
		};
		53AE843520C6164D007D9421 /* Feature Flag ObjectiveC */ = {
			isa = PBXGroup;
			children = (
				53AE843620C6164D007D9421 /* AppDelegate.h */,
				53AE843720C6164D007D9421 /* AppDelegate.m */,
				53AE843920C6164D007D9421 /* ViewController.h */,
				53AE843A20C6164D007D9421 /* ViewController.m */,
				53AE845F20CB571F007D9421 /* MyContainer.h */,
				53AE845D20CB56F4007D9421 /* MyContainer.m */,
				53AE843C20C6164D007D9421 /* Main.storyboard */,
				53AE843F20C6164F007D9421 /* Assets.xcassets */,
				53AE844120C6164F007D9421 /* LaunchScreen.storyboard */,
				53AE844420C6164F007D9421 /* Info.plist */,
				53AE844520C6164F007D9421 /* main.m */,
				53AE844C20CB316C007D9421 /* featureflag.plist */,
			);
			path = "Feature Flag ObjectiveC";
			sourceTree = "<group>";
		};
		53AE845020CB4CE1007D9421 /* Products */ = {
			isa = PBXGroup;
			children = (
				53AE845420CB4CE2007D9421 /* ROX.framework */,
			);
			name = Products;
			sourceTree = "<group>";
		};
/* End PBXGroup section */

/* Begin PBXNativeTarget section */
		53AE843220C6164D007D9421 /* Feature Flag ObjectiveC */ = {
			isa = PBXNativeTarget;
			buildConfigurationList = 53AE844920C6164F007D9421 /* Build configuration list for PBXNativeTarget "Feature Flag ObjectiveC" */;
			buildPhases = (
				53AE842F20C6164D007D9421 /* Sources */,
				53AE843020C6164D007D9421 /* Frameworks */,
				53AE843120C6164D007D9421 /* Resources */,
				53AE845C20CB4D22007D9421 /* Embed Frameworks */,
			);
			buildRules = (
			);
			dependencies = (
				53AE845B20CB4D22007D9421 /* PBXTargetDependency */,
			);
			name = "Feature Flag ObjectiveC";
			productName = "Feature Flag ObjectiveC";
			productReference = 53AE843320C6164D007D9421 /* Feature Flag ObjectiveC.app */;
			productType = "com.apple.product-type.application";
		};
/* End PBXNativeTarget section */

/* Begin PBXProject section */
		53AE842B20C6164D007D9421 /* Project object */ = {
			isa = PBXProject;
			attributes = {
				LastUpgradeCheck = 0940;
				ORGANIZATIONNAME = "Eric Goebelbecker";
				TargetAttributes = {
					53AE843220C6164D007D9421 = {
						CreatedOnToolsVersion = 9.4;
					};
				};
			};
			buildConfigurationList = 53AE842E20C6164D007D9421 /* Build configuration list for PBXProject "Feature Flag ObjectiveC" */;
			compatibilityVersion = "Xcode 9.3";
			developmentRegion = en;
			hasScannedForEncodings = 0;
			knownRegions = (
				en,
				Base,
			);
			mainGroup = 53AE842A20C6164D007D9421;
			productRefGroup = 53AE843420C6164D007D9421 /* Products */;
			projectDirPath = "";
			projectReferences = (
				{
					ProductGroup = 53AE845020CB4CE1007D9421 /* Products */;
					ProjectRef = 53AE844F20CB4CE1007D9421 /* RoxSdk.xcodeproj */;
				},
			);
			projectRoot = "";
			targets = (
				53AE843220C6164D007D9421 /* Feature Flag ObjectiveC */,
			);
		};
/* End PBXProject section */

/* Begin PBXReferenceProxy section */
		53AE845420CB4CE2007D9421 /* ROX.framework */ = {
			isa = PBXReferenceProxy;
			fileType = wrapper.framework;
			path = ROX.framework;
			remoteRef = 53AE845320CB4CE2007D9421 /* PBXContainerItemProxy */;
			sourceTree = BUILT_PRODUCTS_DIR;
		};
/* End PBXReferenceProxy section */

/* Begin PBXResourcesBuildPhase section */
		53AE843120C6164D007D9421 /* Resources */ = {
			isa = PBXResourcesBuildPhase;
			buildActionMask = 2147483647;
			files = (
				53AE844320C6164F007D9421 /* LaunchScreen.storyboard in Resources */,
				53AE844D20CB316C007D9421 /* featureflag.plist in Resources */,
				53AE844020C6164F007D9421 /* Assets.xcassets in Resources */,
				53AE843E20C6164D007D9421 /* Main.storyboard in Resources */,
			);
			runOnlyForDeploymentPostprocessing = 0;
		};
/* End PBXResourcesBuildPhase section */

/* Begin PBXSourcesBuildPhase section */
		53AE842F20C6164D007D9421 /* Sources */ = {
			isa = PBXSourcesBuildPhase;
			buildActionMask = 2147483647;
			files = (
				53AE843B20C6164D007D9421 /* ViewController.m in Sources */,
				53AE845E20CB56F4007D9421 /* MyContainer.m in Sources */,
				53AE844620C6164F007D9421 /* main.m in Sources */,
				53AE843820C6164D007D9421 /* AppDelegate.m in Sources */,
			);
			runOnlyForDeploymentPostprocessing = 0;
		};
/* End PBXSourcesBuildPhase section */

/* Begin PBXTargetDependency section */
		53AE845B20CB4D22007D9421 /* PBXTargetDependency */ = {
			isa = PBXTargetDependency;
			name = RoxSdk;
			targetProxy = 53AE845A20CB4D22007D9421 /* PBXContainerItemProxy */;
		};
/* End PBXTargetDependency section */

/* Begin PBXVariantGroup section */
		53AE843C20C6164D007D9421 /* Main.storyboard */ = {
			isa = PBXVariantGroup;
			children = (
				53AE843D20C6164D007D9421 /* Base */,
			);
			name = Main.storyboard;
			sourceTree = "<group>";
		};
		53AE844120C6164F007D9421 /* LaunchScreen.storyboard */ = {
			isa = PBXVariantGroup;
			children = (
				53AE844220C6164F007D9421 /* Base */,
			);
			name = LaunchScreen.storyboard;
			sourceTree = "<group>";
		};
/* End PBXVariantGroup section */

/* Begin XCBuildConfiguration section */
		53AE844720C6164F007D9421 /* Debug */ = {
			isa = XCBuildConfiguration;
			buildSettings = {
				ALWAYS_SEARCH_USER_PATHS = NO;
				CLANG_ANALYZER_NONNULL = YES;
				CLANG_ANALYZER_NUMBER_OBJECT_CONVERSION = YES_AGGRESSIVE;
				CLANG_CXX_LANGUAGE_STANDARD = "gnu++14";
				CLANG_CXX_LIBRARY = "libc++";
				CLANG_ENABLE_MODULES = YES;
				CLANG_ENABLE_OBJC_ARC = YES;
				CLANG_ENABLE_OBJC_WEAK = YES;
				CLANG_WARN_BLOCK_CAPTURE_AUTORELEASING = YES;
				CLANG_WARN_BOOL_CONVERSION = YES;
				CLANG_WARN_COMMA = YES;
				CLANG_WARN_CONSTANT_CONVERSION = YES;
				CLANG_WARN_DEPRECATED_OBJC_IMPLEMENTATIONS = YES;
				CLANG_WARN_DIRECT_OBJC_ISA_USAGE = YES_ERROR;
				CLANG_WARN_DOCUMENTATION_COMMENTS = YES;
				CLANG_WARN_EMPTY_BODY = YES;
				CLANG_WARN_ENUM_CONVERSION = YES;
				CLANG_WARN_INFINITE_RECURSION = YES;
				CLANG_WARN_INT_CONVERSION = YES;
				CLANG_WARN_NON_LITERAL_NULL_CONVERSION = YES;
				CLANG_WARN_OBJC_IMPLICIT_RETAIN_SELF = YES;
				CLANG_WARN_OBJC_LITERAL_CONVERSION = YES;
				CLANG_WARN_OBJC_ROOT_CLASS = YES_ERROR;
				CLANG_WARN_RANGE_LOOP_ANALYSIS = YES;
				CLANG_WARN_STRICT_PROTOTYPES = YES;
				CLANG_WARN_SUSPICIOUS_MOVE = YES;
				CLANG_WARN_UNGUARDED_AVAILABILITY = YES_AGGRESSIVE;
				CLANG_WARN_UNREACHABLE_CODE = YES;
				CLANG_WARN__DUPLICATE_METHOD_MATCH = YES;
				CODE_SIGN_IDENTITY = "iPhone Developer";
				COPY_PHASE_STRIP = NO;
				DEBUG_INFORMATION_FORMAT = dwarf;
				ENABLE_STRICT_OBJC_MSGSEND = YES;
				ENABLE_TESTABILITY = YES;
				GCC_C_LANGUAGE_STANDARD = gnu11;
				GCC_DYNAMIC_NO_PIC = NO;
				GCC_NO_COMMON_BLOCKS = YES;
				GCC_OPTIMIZATION_LEVEL = 0;
				GCC_PREPROCESSOR_DEFINITIONS = (
					"DEBUG=1",
					"$(inherited)",
				);
				GCC_WARN_64_TO_32_BIT_CONVERSION = YES;
				GCC_WARN_ABOUT_RETURN_TYPE = YES_ERROR;
				GCC_WARN_UNDECLARED_SELECTOR = YES;
				GCC_WARN_UNINITIALIZED_AUTOS = YES_AGGRESSIVE;
				GCC_WARN_UNUSED_FUNCTION = YES;
				GCC_WARN_UNUSED_VARIABLE = YES;
				IPHONEOS_DEPLOYMENT_TARGET = 11.4;
				MTL_ENABLE_DEBUG_INFO = YES;
				ONLY_ACTIVE_ARCH = YES;
				SDKROOT = iphoneos;
			};
			name = Debug;
		};
		53AE844820C6164F007D9421 /* Release */ = {
			isa = XCBuildConfiguration;
			buildSettings = {
				ALWAYS_SEARCH_USER_PATHS = NO;
				CLANG_ANALYZER_NONNULL = YES;
				CLANG_ANALYZER_NUMBER_OBJECT_CONVERSION = YES_AGGRESSIVE;
				CLANG_CXX_LANGUAGE_STANDARD = "gnu++14";
				CLANG_CXX_LIBRARY = "libc++";
				CLANG_ENABLE_MODULES = YES;
				CLANG_ENABLE_OBJC_ARC = YES;
				CLANG_ENABLE_OBJC_WEAK = YES;
				CLANG_WARN_BLOCK_CAPTURE_AUTORELEASING = YES;
				CLANG_WARN_BOOL_CONVERSION = YES;
				CLANG_WARN_COMMA = YES;
				CLANG_WARN_CONSTANT_CONVERSION = YES;
				CLANG_WARN_DEPRECATED_OBJC_IMPLEMENTATIONS = YES;
				CLANG_WARN_DIRECT_OBJC_ISA_USAGE = YES_ERROR;
				CLANG_WARN_DOCUMENTATION_COMMENTS = YES;
				CLANG_WARN_EMPTY_BODY = YES;
				CLANG_WARN_ENUM_CONVERSION = YES;
				CLANG_WARN_INFINITE_RECURSION = YES;
				CLANG_WARN_INT_CONVERSION = YES;
				CLANG_WARN_NON_LITERAL_NULL_CONVERSION = YES;
				CLANG_WARN_OBJC_IMPLICIT_RETAIN_SELF = YES;
				CLANG_WARN_OBJC_LITERAL_CONVERSION = YES;
				CLANG_WARN_OBJC_ROOT_CLASS = YES_ERROR;
				CLANG_WARN_RANGE_LOOP_ANALYSIS = YES;
				CLANG_WARN_STRICT_PROTOTYPES = YES;
				CLANG_WARN_SUSPICIOUS_MOVE = YES;
				CLANG_WARN_UNGUARDED_AVAILABILITY = YES_AGGRESSIVE;
				CLANG_WARN_UNREACHABLE_CODE = YES;
				CLANG_WARN__DUPLICATE_METHOD_MATCH = YES;
				CODE_SIGN_IDENTITY = "iPhone Developer";
				COPY_PHASE_STRIP = NO;
				DEBUG_INFORMATION_FORMAT = "dwarf-with-dsym";
				ENABLE_NS_ASSERTIONS = NO;
				ENABLE_STRICT_OBJC_MSGSEND = YES;
				GCC_C_LANGUAGE_STANDARD = gnu11;
				GCC_NO_COMMON_BLOCKS = YES;
				GCC_WARN_64_TO_32_BIT_CONVERSION = YES;
				GCC_WARN_ABOUT_RETURN_TYPE = YES_ERROR;
				GCC_WARN_UNDECLARED_SELECTOR = YES;
				GCC_WARN_UNINITIALIZED_AUTOS = YES_AGGRESSIVE;
				GCC_WARN_UNUSED_FUNCTION = YES;
				GCC_WARN_UNUSED_VARIABLE = YES;
				IPHONEOS_DEPLOYMENT_TARGET = 11.4;
				MTL_ENABLE_DEBUG_INFO = NO;
				SDKROOT = iphoneos;
				VALIDATE_PRODUCT = YES;
			};
			name = Release;
		};
		53AE844A20C6164F007D9421 /* Debug */ = {
			isa = XCBuildConfiguration;
			buildSettings = {
				ALWAYS_EMBED_SWIFT_STANDARD_LIBRARIES = YES;
				ASSETCATALOG_COMPILER_APPICON_NAME = AppIcon;
				CODE_SIGN_STYLE = Automatic;
				FRAMEWORK_SEARCH_PATHS = (
					"$(inherited)",
					"$(PROJECT_DIR)/rox/RoxSdk",
				);
				INFOPLIST_FILE = "Feature Flag ObjectiveC/Info.plist";
				LD_RUNPATH_SEARCH_PATHS = (
					"$(inherited)",
					"@executable_path/Frameworks",
				);
				PRODUCT_BUNDLE_IDENTIFIER = "com.egoebelbecker.rollout.Feature-Flag-ObjectiveC";
				PRODUCT_NAME = "$(TARGET_NAME)";
				TARGETED_DEVICE_FAMILY = "1,2";
			};
			name = Debug;
		};
		53AE844B20C6164F007D9421 /* Release */ = {
			isa = XCBuildConfiguration;
			buildSettings = {
				ALWAYS_EMBED_SWIFT_STANDARD_LIBRARIES = YES;
				ASSETCATALOG_COMPILER_APPICON_NAME = AppIcon;
				CODE_SIGN_STYLE = Automatic;
				FRAMEWORK_SEARCH_PATHS = (
					"$(inherited)",
					"$(PROJECT_DIR)/rox/RoxSdk",
				);
				INFOPLIST_FILE = "Feature Flag ObjectiveC/Info.plist";
				LD_RUNPATH_SEARCH_PATHS = (
					"$(inherited)",
					"@executable_path/Frameworks",
				);
				PRODUCT_BUNDLE_IDENTIFIER = "com.egoebelbecker.rollout.Feature-Flag-ObjectiveC";
				PRODUCT_NAME = "$(TARGET_NAME)";
				TARGETED_DEVICE_FAMILY = "1,2";
			};
			name = Release;
		};
/* End XCBuildConfiguration section */

/* Begin XCConfigurationList section */
		53AE842E20C6164D007D9421 /* Build configuration list for PBXProject "Feature Flag ObjectiveC" */ = {
			isa = XCConfigurationList;
			buildConfigurations = (
				53AE844720C6164F007D9421 /* Debug */,
				53AE844820C6164F007D9421 /* Release */,
			);
			defaultConfigurationIsVisible = 0;
			defaultConfigurationName = Release;
		};
		53AE844920C6164F007D9421 /* Build configuration list for PBXNativeTarget "Feature Flag ObjectiveC" */ = {
			isa = XCConfigurationList;
			buildConfigurations = (
				53AE844A20C6164F007D9421 /* Debug */,
				53AE844B20C6164F007D9421 /* Release */,
			);
			defaultConfigurationIsVisible = 0;
			defaultConfigurationName = Release;
		};
/* End XCConfigurationList section */
	};
	rootObject = 53AE842B20C6164D007D9421 /* Project object */;
}
